// !$*UTF8*$!
{
	archiveVersion = 1;
	classes = {
	};
	objectVersion = 48;
	objects = {

/* Begin PBXBuildFile section */
		BCFEF1CE208D6AD700F2FF67 /* AppDelegate.m in Sources */ = {isa = PBXBuildFile; fileRef = BCFEF1CD208D6AD700F2FF67 /* AppDelegate.m */; };
		BCFEF1D1208D6AD700F2FF67 /* ViewController.m in Sources */ = {isa = PBXBuildFile; fileRef = BCFEF1D0208D6AD700F2FF67 /* ViewController.m */; };
		BCFEF1D4208D6AD700F2FF67 /* Main.storyboard in Resources */ = {isa = PBXBuildFile; fileRef = BCFEF1D2208D6AD700F2FF67 /* Main.storyboard */; };
		BCFEF1D6208D6AD700F2FF67 /* Assets.xcassets in Resources */ = {isa = PBXBuildFile; fileRef = BCFEF1D5208D6AD700F2FF67 /* Assets.xcassets */; };
		BCFEF1D9208D6AD700F2FF67 /* LaunchScreen.storyboard in Resources */ = {isa = PBXBuildFile; fileRef = BCFEF1D7208D6AD700F2FF67 /* LaunchScreen.storyboard */; };
		BCFEF1DC208D6AD700F2FF67 /* main.m in Sources */ = {isa = PBXBuildFile; fileRef = BCFEF1DB208D6AD700F2FF67 /* main.m */; };
		BCFEF1E4208D6B0100F2FF67 /* SYFTestObject.m in Sources */ = {isa = PBXBuildFile; fileRef = BCFEF1E3208D6B0100F2FF67 /* SYFTestObject.m */; };
		BCFEF1E7208D6B5F00F2FF67 /* NSObject+SYFAdd.m in Sources */ = {isa = PBXBuildFile; fileRef = BCFEF1E6208D6B5F00F2FF67 /* NSObject+SYFAdd.m */; };
/* End PBXBuildFile section */

/* Begin PBXFileReference section */
		BCFEF1C9208D6AD700F2FF67 /* EasyKVOBlock.app */ = {isa = PBXFileReference; explicitFileType = wrapper.application; includeInIndex = 0; path = EasyKVOBlock.app; sourceTree = BUILT_PRODUCTS_DIR; };
		BCFEF1CC208D6AD700F2FF67 /* AppDelegate.h */ = {isa = PBXFileReference; lastKnownFileType = sourcecode.c.h; path = AppDelegate.h; sourceTree = "<group>"; };
		BCFEF1CD208D6AD700F2FF67 /* AppDelegate.m */ = {isa = PBXFileReference; lastKnownFileType = sourcecode.c.objc; path = AppDelegate.m; sourceTree = "<group>"; };
		BCFEF1CF208D6AD700F2FF67 /* ViewController.h */ = {isa = PBXFileReference; lastKnownFileType = sourcecode.c.h; path = ViewController.h; sourceTree = "<group>"; };
		BCFEF1D0208D6AD700F2FF67 /* ViewController.m */ = {isa = PBXFileReference; lastKnownFileType = sourcecode.c.objc; path = ViewController.m; sourceTree = "<group>"; };
		BCFEF1D3208D6AD700F2FF67 /* Base */ = {isa = PBXFileReference; lastKnownFileType = file.storyboard; name = Base; path = Base.lproj/Main.storyboard; sourceTree = "<group>"; };
		BCFEF1D5208D6AD700F2FF67 /* Assets.xcassets */ = {isa = PBXFileReference; lastKnownFileType = folder.assetcatalog; path = Assets.xcassets; sourceTree = "<group>"; };
		BCFEF1D8208D6AD700F2FF67 /* Base */ = {isa = PBXFileReference; lastKnownFileType = file.storyboard; name = Base; path = Base.lproj/LaunchScreen.storyboard; sourceTree = "<group>"; };
		BCFEF1DA208D6AD700F2FF67 /* Info.plist */ = {isa = PBXFileReference; lastKnownFileType = text.plist.xml; path = Info.plist; sourceTree = "<group>"; };
		BCFEF1DB208D6AD700F2FF67 /* main.m */ = {isa = PBXFileReference; lastKnownFileType = sourcecode.c.objc; path = main.m; sourceTree = "<group>"; };
		BCFEF1E2208D6B0100F2FF67 /* SYFTestObject.h */ = {isa = PBXFileReference; lastKnownFileType = sourcecode.c.h; path = SYFTestObject.h; sourceTree = "<group>"; };
		BCFEF1E3208D6B0100F2FF67 /* SYFTestObject.m */ = {isa = PBXFileReference; lastKnownFileType = sourcecode.c.objc; path = SYFTestObject.m; sourceTree = "<group>"; };
		BCFEF1E5208D6B5F00F2FF67 /* NSObject+SYFAdd.h */ = {isa = PBXFileReference; lastKnownFileType = sourcecode.c.h; path = "NSObject+SYFAdd.h"; sourceTree = "<group>"; };
		BCFEF1E6208D6B5F00F2FF67 /* NSObject+SYFAdd.m */ = {isa = PBXFileReference; lastKnownFileType = sourcecode.c.objc; path = "NSObject+SYFAdd.m"; sourceTree = "<group>"; };
/* End PBXFileReference section */

/* Begin PBXFrameworksBuildPhase section */
		BCFEF1C6208D6AD700F2FF67 /* Frameworks */ = {
			isa = PBXFrameworksBuildPhase;
			buildActionMask = 2147483647;
			files = (
			);
			runOnlyForDeploymentPostprocessing = 0;
		};
/* End PBXFrameworksBuildPhase section */

/* Begin PBXGroup section */
		BCFEF1C0208D6AD700F2FF67 = {
			isa = PBXGroup;
			children = (
				BCFEF1CB208D6AD700F2FF67 /* EasyKVOBlock */,
				BCFEF1CA208D6AD700F2FF67 /* Products */,
			);
			sourceTree = "<group>";
		};
		BCFEF1CA208D6AD700F2FF67 /* Products */ = {
			isa = PBXGroup;
			children = (
				BCFEF1C9208D6AD700F2FF67 /* EasyKVOBlock.app */,
			);
			name = Products;
			sourceTree = "<group>";
		};
		BCFEF1CB208D6AD700F2FF67 /* EasyKVOBlock */ = {
			isa = PBXGroup;
			children = (
				BCFEF1CC208D6AD700F2FF67 /* AppDelegate.h */,
				BCFEF1CD208D6AD700F2FF67 /* AppDelegate.m */,
				BCFEF1CF208D6AD700F2FF67 /* ViewController.h */,
				BCFEF1D0208D6AD700F2FF67 /* ViewController.m */,
				BCFEF1E2208D6B0100F2FF67 /* SYFTestObject.h */,
				BCFEF1E3208D6B0100F2FF67 /* SYFTestObject.m */,
				BCFEF1E5208D6B5F00F2FF67 /* NSObject+SYFAdd.h */,
				BCFEF1E6208D6B5F00F2FF67 /* NSObject+SYFAdd.m */,
				BCFEF1D2208D6AD700F2FF67 /* Main.storyboard */,
				BCFEF1D5208D6AD700F2FF67 /* Assets.xcassets */,
				BCFEF1D7208D6AD700F2FF67 /* LaunchScreen.storyboard */,
				BCFEF1DA208D6AD700F2FF67 /* Info.plist */,
				BCFEF1DB208D6AD700F2FF67 /* main.m */,
			);
			path = EasyKVOBlock;
			sourceTree = "<group>";
		};
/* End PBXGroup section */

/* Begin PBXNativeTarget section */
		BCFEF1C8208D6AD700F2FF67 /* EasyKVOBlock */ = {
			isa = PBXNativeTarget;
			buildConfigurationList = BCFEF1DF208D6AD700F2FF67 /* Build configuration list for PBXNativeTarget "EasyKVOBlock" */;
			buildPhases = (
				BCFEF1C5208D6AD700F2FF67 /* Sources */,
				BCFEF1C6208D6AD700F2FF67 /* Frameworks */,
				BCFEF1C7208D6AD700F2FF67 /* Resources */,
			);
			buildRules = (
			);
			dependencies = (
			);
			name = EasyKVOBlock;
			productName = EasyKVOBlock;
			productReference = BCFEF1C9208D6AD700F2FF67 /* EasyKVOBlock.app */;
			productType = "com.apple.product-type.application";
		};
/* End PBXNativeTarget section */

/* Begin PBXProject section */
		BCFEF1C1208D6AD700F2FF67 /* Project object */ = {
			isa = PBXProject;
			attributes = {
				CLASSPREFIX = SYF;
				LastUpgradeCheck = 0920;
				ORGANIZATIONNAME = "孙亚锋";
				TargetAttributes = {
					BCFEF1C8208D6AD700F2FF67 = {
						CreatedOnToolsVersion = 9.2;
						ProvisioningStyle = Automatic;
					};
				};
			};
			buildConfigurationList = BCFEF1C4208D6AD700F2FF67 /* Build configuration list for PBXProject "EasyKVOBlock" */;
			compatibilityVersion = "Xcode 8.0";
			developmentRegion = en;
			hasScannedForEncodings = 0;
			knownRegions = (
				en,
				Base,
			);
			mainGroup = BCFEF1C0208D6AD700F2FF67;
			productRefGroup = BCFEF1CA208D6AD700F2FF67 /* Products */;
			projectDirPath = "";
			projectRoot = "";
			targets = (
				BCFEF1C8208D6AD700F2FF67 /* EasyKVOBlock */,
			);
		};
/* End PBXProject section */

/* Begin PBXResourcesBuildPhase section */
		BCFEF1C7208D6AD700F2FF67 /* Resources */ = {
			isa = PBXResourcesBuildPhase;
			buildActionMask = 2147483647;
			files = (
				BCFEF1D9208D6AD700F2FF67 /* LaunchScreen.storyboard in Resources */,
				BCFEF1D6208D6AD700F2FF67 /* Assets.xcassets in Resources */,
				BCFEF1D4208D6AD700F2FF67 /* Main.storyboard in Resources */,
			);
			runOnlyForDeploymentPostprocessing = 0;
		};
/* End PBXResourcesBuildPhase section */

/* Begin PBXSourcesBuildPhase section */
		BCFEF1C5208D6AD700F2FF67 /* Sources */ = {
			isa = PBXSourcesBuildPhase;
			buildActionMask = 2147483647;
			files = (
				BCFEF1D1208D6AD700F2FF67 /* ViewController.m in Sources */,
				BCFEF1DC208D6AD700F2FF67 /* main.m in Sources */,
				BCFEF1CE208D6AD700F2FF67 /* AppDelegate.m in Sources */,
				BCFEF1E4208D6B0100F2FF67 /* SYFTestObject.m in Sources */,
				BCFEF1E7208D6B5F00F2FF67 /* NSObject+SYFAdd.m in Sources */,
			);
			runOnlyForDeploymentPostprocessing = 0;
		};
/* End PBXSourcesBuildPhase section */

/* Begin PBXVariantGroup section */
		BCFEF1D2208D6AD700F2FF67 /* Main.storyboard */ = {
			isa = PBXVariantGroup;
			children = (
				BCFEF1D3208D6AD700F2FF67 /* Base */,
			);
			name = Main.storyboard;
			sourceTree = "<group>";
		};
		BCFEF1D7208D6AD700F2FF67 /* LaunchScreen.storyboard */ = {
			isa = PBXVariantGroup;
			children = (
				BCFEF1D8208D6AD700F2FF67 /* Base */,
			);
			name = LaunchScreen.storyboard;
			sourceTree = "<group>";
		};
/* End PBXVariantGroup section */

/* Begin XCBuildConfiguration section */
		BCFEF1DD208D6AD700F2FF67 /* Debug */ = {
			isa = XCBuildConfiguration;
			buildSettings = {
				ALWAYS_SEARCH_USER_PATHS = NO;
				CLANG_ANALYZER_NONNULL = YES;
				CLANG_ANALYZER_NUMBER_OBJECT_CONVERSION = YES_AGGRESSIVE;
				CLANG_CXX_LANGUAGE_STANDARD = "gnu++14";
				CLANG_CXX_LIBRARY = "libc++";
				CLANG_ENABLE_MODULES = YES;
				CLANG_ENABLE_OBJC_ARC = YES;
				CLANG_WARN_BLOCK_CAPTURE_AUTORELEASING = YES;
				CLANG_WARN_BOOL_CONVERSION = YES;
				CLANG_WARN_COMMA = YES;
				CLANG_WARN_CONSTANT_CONVERSION = YES;
				CLANG_WARN_DIRECT_OBJC_ISA_USAGE = YES_ERROR;
				CLANG_WARN_DOCUMENTATION_COMMENTS = YES;
				CLANG_WARN_EMPTY_BODY = YES;
				CLANG_WARN_ENUM_CONVERSION = YES;
				CLANG_WARN_INFINITE_RECURSION = YES;
				CLANG_WARN_INT_CONVERSION = YES;
				CLANG_WARN_NON_LITERAL_NULL_CONVERSION = YES;
				CLANG_WARN_OBJC_LITERAL_CONVERSION = YES;
				CLANG_WARN_OBJC_ROOT_CLASS = YES_ERROR;
				CLANG_WARN_RANGE_LOOP_ANALYSIS = YES;
				CLANG_WARN_STRICT_PROTOTYPES = YES;
				CLANG_WARN_SUSPICIOUS_MOVE = YES;
				CLANG_WARN_UNGUARDED_AVAILABILITY = YES_AGGRESSIVE;
				CLANG_WARN_UNREACHABLE_CODE = YES;
				CLANG_WARN__DUPLICATE_METHOD_MATCH = YES;
				CODE_SIGN_IDENTITY = "iPhone Developer";
				COPY_PHASE_STRIP = NO;
				DEBUG_INFORMATION_FORMAT = dwarf;
				ENABLE_STRICT_OBJC_MSGSEND = YES;
				ENABLE_TESTABILITY = YES;
				GCC_C_LANGUAGE_STANDARD = gnu11;
				GCC_DYNAMIC_NO_PIC = NO;
				GCC_NO_COMMON_BLOCKS = YES;
				GCC_OPTIMIZATION_LEVEL = 0;
				GCC_PREPROCESSOR_DEFINITIONS = (
					"DEBUG=1",
					"$(inherited)",
				);
				GCC_WARN_64_TO_32_BIT_CONVERSION = YES;
				GCC_WARN_ABOUT_RETURN_TYPE = YES_ERROR;
				GCC_WARN_UNDECLARED_SELECTOR = YES;
				GCC_WARN_UNINITIALIZED_AUTOS = YES_AGGRESSIVE;
				GCC_WARN_UNUSED_FUNCTION = YES;
				GCC_WARN_UNUSED_VARIABLE = YES;
				IPHONEOS_DEPLOYMENT_TARGET = 11.2;
				MTL_ENABLE_DEBUG_INFO = YES;
				ONLY_ACTIVE_ARCH = YES;
				SDKROOT = iphoneos;
			};
			name = Debug;
		};
		BCFEF1DE208D6AD700F2FF67 /* Release */ = {
			isa = XCBuildConfiguration;
			buildSettings = {
				ALWAYS_SEARCH_USER_PATHS = NO;
				CLANG_ANALYZER_NONNULL = YES;
				CLANG_ANALYZER_NUMBER_OBJECT_CONVERSION = YES_AGGRESSIVE;
				CLANG_CXX_LANGUAGE_STANDARD = "gnu++14";
				CLANG_CXX_LIBRARY = "libc++";
				CLANG_ENABLE_MODULES = YES;
				CLANG_ENABLE_OBJC_ARC = YES;
				CLANG_WARN_BLOCK_CAPTURE_AUTORELEASING = YES;
				CLANG_WARN_BOOL_CONVERSION = YES;
				CLANG_WARN_COMMA = YES;
				CLANG_WARN_CONSTANT_CONVERSION = YES;
				CLANG_WARN_DIRECT_OBJC_ISA_USAGE = YES_ERROR;
				CLANG_WARN_DOCUMENTATION_COMMENTS = YES;
				CLANG_WARN_EMPTY_BODY = YES;
				CLANG_WARN_ENUM_CONVERSION = YES;
				CLANG_WARN_INFINITE_RECURSION = YES;
				CLANG_WARN_INT_CONVERSION = YES;
				CLANG_WARN_NON_LITERAL_NULL_CONVERSION = YES;
				CLANG_WARN_OBJC_LITERAL_CONVERSION = YES;
				CLANG_WARN_OBJC_ROOT_CLASS = YES_ERROR;
				CLANG_WARN_RANGE_LOOP_ANALYSIS = YES;
				CLANG_WARN_STRICT_PROTOTYPES = YES;
				CLANG_WARN_SUSPICIOUS_MOVE = YES;
				CLANG_WARN_UNGUARDED_AVAILABILITY = YES_AGGRESSIVE;
				CLANG_WARN_UNREACHABLE_CODE = YES;
				CLANG_WARN__DUPLICATE_METHOD_MATCH = YES;
				CODE_SIGN_IDENTITY = "iPhone Developer";
				COPY_PHASE_STRIP = NO;
				DEBUG_INFORMATION_FORMAT = "dwarf-with-dsym";
				ENABLE_NS_ASSERTIONS = NO;
				ENABLE_STRICT_OBJC_MSGSEND = YES;
				GCC_C_LANGUAGE_STANDARD = gnu11;
				GCC_NO_COMMON_BLOCKS = YES;
				GCC_WARN_64_TO_32_BIT_CONVERSION = YES;
				GCC_WARN_ABOUT_RETURN_TYPE = YES_ERROR;
				GCC_WARN_UNDECLARED_SELECTOR = YES;
				GCC_WARN_UNINITIALIZED_AUTOS = YES_AGGRESSIVE;
				GCC_WARN_UNUSED_FUNCTION = YES;
				GCC_WARN_UNUSED_VARIABLE = YES;
				IPHONEOS_DEPLOYMENT_TARGET = 11.2;
				MTL_ENABLE_DEBUG_INFO = NO;
				SDKROOT = iphoneos;
				VALIDATE_PRODUCT = YES;
			};
			name = Release;
		};
		BCFEF1E0208D6AD700F2FF67 /* Debug */ = {
			isa = XCBuildConfiguration;
			buildSettings = {
				ASSETCATALOG_COMPILER_APPICON_NAME = AppIcon;
				CODE_SIGN_STYLE = Automatic;
				INFOPLIST_FILE = EasyKVOBlock/Info.plist;
				LD_RUNPATH_SEARCH_PATHS = "$(inherited) @executable_path/Frameworks";
				PRODUCT_BUNDLE_IDENTIFIER = lemo.EasyKVOBlock;
				PRODUCT_NAME = "$(TARGET_NAME)";
				TARGETED_DEVICE_FAMILY = "1,2";
			};
			name = Debug;
		};
		BCFEF1E1208D6AD700F2FF67 /* Release */ = {
			isa = XCBuildConfiguration;
			buildSettings = {
				ASSETCATALOG_COMPILER_APPICON_NAME = AppIcon;
				CODE_SIGN_STYLE = Automatic;
				INFOPLIST_FILE = EasyKVOBlock/Info.plist;
				LD_RUNPATH_SEARCH_PATHS = "$(inherited) @executable_path/Frameworks";
				PRODUCT_BUNDLE_IDENTIFIER = lemo.EasyKVOBlock;
				PRODUCT_NAME = "$(TARGET_NAME)";
				TARGETED_DEVICE_FAMILY = "1,2";
			};
			name = Release;
		};
/* End XCBuildConfiguration section */

/* Begin XCConfigurationList section */
		BCFEF1C4208D6AD700F2FF67 /* Build configuration list for PBXProject "EasyKVOBlock" */ = {
			isa = XCConfigurationList;
			buildConfigurations = (
				BCFEF1DD208D6AD700F2FF67 /* Debug */,
				BCFEF1DE208D6AD700F2FF67 /* Release */,
			);
			defaultConfigurationIsVisible = 0;
			defaultConfigurationName = Release;
		};
		BCFEF1DF208D6AD700F2FF67 /* Build configuration list for PBXNativeTarget "EasyKVOBlock" */ = {
			isa = XCConfigurationList;
			buildConfigurations = (
				BCFEF1E0208D6AD700F2FF67 /* Debug */,
				BCFEF1E1208D6AD700F2FF67 /* Release */,
			);
			defaultConfigurationIsVisible = 0;
			defaultConfigurationName = Release;
		};
/* End XCConfigurationList section */
	};
	rootObject = BCFEF1C1208D6AD700F2FF67 /* Project object */;
}
